// !$*UTF8*$!
{
	archiveVersion = 1;
	classes = {
	};
	objectVersion = 46;
	objects = {

/* Begin PBXBuildFile section */
		1B35ED1C13C0B77300A8AEA6 /* Cocoa.framework in Frameworks */ = {isa = PBXBuildFile; fileRef = 1B35ED1B13C0B77300A8AEA6 /* Cocoa.framework */; };
		1B35ED1E13C0B77D00A8AEA6 /* Carbon.framework in Frameworks */ = {isa = PBXBuildFile; fileRef = 1B35ED1D13C0B77D00A8AEA6 /* Carbon.framework */; };
		1B35ED2013C0B78200A8AEA6 /* IOKit.framework in Frameworks */ = {isa = PBXBuildFile; fileRef = 1B35ED1F13C0B78200A8AEA6 /* IOKit.framework */; };
		1BC0941E16794C5E005FEE87 /* Cocoa.framework in Frameworks */ = {isa = PBXBuildFile; fileRef = 1B35ED1B13C0B77300A8AEA6 /* Cocoa.framework */; };
		1BC0941F16794C7E005FEE87 /* HKKeyMapTestCase.m in Sources */ = {isa = PBXBuildFile; fileRef = 985B6D1A0719EDCC0073D36F /* HKKeyMapTestCase.m */; };
		1BC0942016794C7E005FEE87 /* HKHotKeyTestCase.m in Sources */ = {isa = PBXBuildFile; fileRef = 985B62EC0719E1750073D36F /* HKHotKeyTestCase.m */; };
		1BC0942116794D05005FEE87 /* HotKeyToolKit.framework in Frameworks */ = {isa = PBXBuildFile; fileRef = 8DC2EF5B0486A6940098B216 /* HotKeyToolKit.framework */; };
		1BF56A5C17C1556900037638 /* XCTest.framework in Frameworks */ = {isa = PBXBuildFile; fileRef = 1BF56A5B17C1556900037638 /* XCTest.framework */; };
		1BF93D2A16792F9E00C78BB3 /* HKDefine.h in Headers */ = {isa = PBXBuildFile; fileRef = 1BF93D2716792F9E00C78BB3 /* HKDefine.h */; settings = {ATTRIBUTES = (Public, ); }; };
		1BF93D2B16792F9E00C78BB3 /* HKFramework.h in Headers */ = {isa = PBXBuildFile; fileRef = 1BF93D2816792F9E00C78BB3 /* HKFramework.h */; settings = {ATTRIBUTES = (Private, ); }; };
		1BF93D2C16792F9E00C78BB3 /* HKFramework.m in Sources */ = {isa = PBXBuildFile; fileRef = 1BF93D2916792F9E00C78BB3 /* HKFramework.m */; };
		8DC2EF530486A6940098B216 /* InfoPlist.strings in Resources */ = {isa = PBXBuildFile; fileRef = 089C1666FE841158C02AAC07 /* InfoPlist.strings */; };
		982B010C05FE954600E8776D /* HKKeymapInternal.h in Headers */ = {isa = PBXBuildFile; fileRef = 982B010A05FE954600E8776D /* HKKeymapInternal.h */; };
		982B010D05FE954600E8776D /* HKKeymapInternal.m in Sources */ = {isa = PBXBuildFile; fileRef = 982B010B05FE954600E8776D /* HKKeymapInternal.m */; };
		984426CF05F9430700551005 /* HKHotKey.h in Headers */ = {isa = PBXBuildFile; fileRef = 984426C705F9430700551005 /* HKHotKey.h */; settings = {ATTRIBUTES = (Public, ); }; };
		984426D105F9430700551005 /* HKHotKeyManager.h in Headers */ = {isa = PBXBuildFile; fileRef = 984426C905F9430700551005 /* HKHotKeyManager.h */; settings = {ATTRIBUTES = (); }; };
		984426D305F9430700551005 /* HKKeyMap.h in Headers */ = {isa = PBXBuildFile; fileRef = 984426CB05F9430700551005 /* HKKeyMap.h */; settings = {ATTRIBUTES = (Public, ); }; };
		984426D405F9430700551005 /* HKTrapWindow.h in Headers */ = {isa = PBXBuildFile; fileRef = 984426CC05F9430700551005 /* HKTrapWindow.h */; settings = {ATTRIBUTES = (Public, ); }; };
		984426D505F9430700551005 /* HotKeyToolKit.h in Headers */ = {isa = PBXBuildFile; fileRef = 984426CD05F9430700551005 /* HotKeyToolKit.h */; settings = {ATTRIBUTES = (Public, ); }; };
		984426DD05F943A100551005 /* HKKeyMap.m in Sources */ = {isa = PBXBuildFile; fileRef = 984426D805F943A100551005 /* HKKeyMap.m */; };
		984426DE05F943A100551005 /* HKHotKey.m in Sources */ = {isa = PBXBuildFile; fileRef = 984426D905F943A100551005 /* HKHotKey.m */; };
		984426DF05F943A100551005 /* HKHotKeyManager.mm in Sources */ = {isa = PBXBuildFile; fileRef = 984426DA05F943A100551005 /* HKHotKeyManager.mm */; };
		984426E105F943A100551005 /* HKTrapWindow.m in Sources */ = {isa = PBXBuildFile; fileRef = 984426DC05F943A100551005 /* HKTrapWindow.m */; };
		98B703D10A86146400DB692D /* HKBase.h in Headers */ = {isa = PBXBuildFile; fileRef = 98B703D00A86146400DB692D /* HKBase.h */; settings = {ATTRIBUTES = (Public, ); }; };
		98DD082F0A8A8F1D0082AF03 /* Keyboard.strings in Resources */ = {isa = PBXBuildFile; fileRef = 98DD082D0A8A8F1D0082AF03 /* Keyboard.strings */; };
		98DD3FE30A57C2A200F059E5 /* ModifierMap.m in Sources */ = {isa = PBXBuildFile; fileRef = 98DD3FE20A57C2A200F059E5 /* ModifierMap.m */; };
		98DD42460A57C9BC00F059E5 /* HKEvent.m in Sources */ = {isa = PBXBuildFile; fileRef = 98DD42450A57C9BC00F059E5 /* HKEvent.m */; };
		98DD424A0A57C9C800F059E5 /* HKEvent.h in Headers */ = {isa = PBXBuildFile; fileRef = 98DD42490A57C9C800F059E5 /* HKEvent.h */; settings = {ATTRIBUTES = (Public, ); }; };
/* End PBXBuildFile section */

/* Begin PBXContainerItemProxy section */
		1BC0942216794D0D005FEE87 /* PBXContainerItemProxy */ = {
			isa = PBXContainerItemProxy;
			containerPortal = 0867D690FE84028FC02AAC07 /* Project object */;
			proxyType = 1;
			remoteGlobalIDString = 8DC2EF4F0486A6940098B216;
			remoteInfo = HotKeyToolKit;
		};
/* End PBXContainerItemProxy section */

/* Begin PBXFileReference section */
		089C1667FE841158C02AAC07 /* English */ = {isa = PBXFileReference; fileEncoding = 4; lastKnownFileType = text.plist.strings; lineEnding = 0; name = English; path = en.lproj/InfoPlist.strings; sourceTree = "<group>"; };
		1B0946F50D68BC6400E8FE8D /* French */ = {isa = PBXFileReference; fileEncoding = 4; lastKnownFileType = text.plist.strings; name = French; path = fr.lproj/InfoPlist.strings; sourceTree = "<group>"; };
		1B0946F70D68BC7000E8FE8D /* French */ = {isa = PBXFileReference; fileEncoding = 4; lastKnownFileType = text.plist.strings; name = French; path = fr.lproj/Keyboard.strings; sourceTree = "<group>"; };
		1B35ED1B13C0B77300A8AEA6 /* Cocoa.framework */ = {isa = PBXFileReference; lastKnownFileType = wrapper.framework; name = Cocoa.framework; path = System/Library/Frameworks/Cocoa.framework; sourceTree = SDKROOT; };
		1B35ED1D13C0B77D00A8AEA6 /* Carbon.framework */ = {isa = PBXFileReference; lastKnownFileType = wrapper.framework; name = Carbon.framework; path = System/Library/Frameworks/Carbon.framework; sourceTree = SDKROOT; };
		1B35ED1F13C0B78200A8AEA6 /* IOKit.framework */ = {isa = PBXFileReference; lastKnownFileType = wrapper.framework; name = IOKit.framework; path = System/Library/Frameworks/IOKit.framework; sourceTree = SDKROOT; };
		1BC0940816794BF3005FEE87 /* HKTKTests.xctest */ = {isa = PBXFileReference; explicitFileType = wrapper.cfbundle; includeInIndex = 0; path = HKTKTests.xctest; sourceTree = BUILT_PRODUCTS_DIR; };
		1BF56A5B17C1556900037638 /* XCTest.framework */ = {isa = PBXFileReference; lastKnownFileType = wrapper.framework; name = XCTest.framework; path = Library/Frameworks/XCTest.framework; sourceTree = DEVELOPER_DIR; };
		1BF93D1716792E4F00C78BB3 /* debug.xcconfig */ = {isa = PBXFileReference; lastKnownFileType = text.xcconfig; path = debug.xcconfig; sourceTree = "<group>"; };
		1BF93D1816792E4F00C78BB3 /* project.xcconfig */ = {isa = PBXFileReference; lastKnownFileType = text.xcconfig; path = project.xcconfig; sourceTree = "<group>"; };
		1BF93D1916792E4F00C78BB3 /* release.xcconfig */ = {isa = PBXFileReference; lastKnownFileType = text.xcconfig; path = release.xcconfig; sourceTree = "<group>"; };
		1BF93D1B16792E4F00C78BB3 /* application.xcconfig */ = {isa = PBXFileReference; lastKnownFileType = text.xcconfig; path = application.xcconfig; sourceTree = "<group>"; };
		1BF93D1C16792E4F00C78BB3 /* archive.xcconfig */ = {isa = PBXFileReference; lastKnownFileType = text.xcconfig; path = archive.xcconfig; sourceTree = "<group>"; };
		1BF93D1D16792E4F00C78BB3 /* bundle.xcconfig */ = {isa = PBXFileReference; lastKnownFileType = text.xcconfig; path = bundle.xcconfig; sourceTree = "<group>"; };
		1BF93D1E16792E4F00C78BB3 /* dylib.xcconfig */ = {isa = PBXFileReference; lastKnownFileType = text.xcconfig; path = dylib.xcconfig; sourceTree = "<group>"; };
		1BF93D1F16792E4F00C78BB3 /* executable.xcconfig */ = {isa = PBXFileReference; lastKnownFileType = text.xcconfig; path = executable.xcconfig; sourceTree = "<group>"; };
		1BF93D2716792F9E00C78BB3 /* HKDefine.h */ = {isa = PBXFileReference; fileEncoding = 4; lastKnownFileType = sourcecode.c.h; path = HKDefine.h; sourceTree = "<group>"; };
		1BF93D2816792F9E00C78BB3 /* HKFramework.h */ = {isa = PBXFileReference; fileEncoding = 4; lastKnownFileType = sourcecode.c.h; path = HKFramework.h; sourceTree = "<group>"; };
		1BF93D2916792F9E00C78BB3 /* HKFramework.m */ = {isa = PBXFileReference; fileEncoding = 4; lastKnownFileType = sourcecode.c.objc; path = HKFramework.m; sourceTree = "<group>"; };
		8DC2EF5B0486A6940098B216 /* HotKeyToolKit.framework */ = {isa = PBXFileReference; explicitFileType = wrapper.framework; includeInIndex = 0; path = HotKeyToolKit.framework; sourceTree = BUILT_PRODUCTS_DIR; };
		982B010A05FE954600E8776D /* HKKeymapInternal.h */ = {isa = PBXFileReference; fileEncoding = 4; lastKnownFileType = sourcecode.c.h; lineEnding = 0; path = HKKeymapInternal.h; sourceTree = "<group>"; };
		982B010B05FE954600E8776D /* HKKeymapInternal.m */ = {isa = PBXFileReference; fileEncoding = 4; lastKnownFileType = sourcecode.c.objc; lineEnding = 0; path = HKKeymapInternal.m; sourceTree = "<group>"; };
		984426C705F9430700551005 /* HKHotKey.h */ = {isa = PBXFileReference; fileEncoding = 4; lastKnownFileType = sourcecode.c.h; lineEnding = 0; path = HKHotKey.h; sourceTree = "<group>"; };
		984426C905F9430700551005 /* HKHotKeyManager.h */ = {isa = PBXFileReference; fileEncoding = 4; lastKnownFileType = sourcecode.c.h; lineEnding = 0; path = HKHotKeyManager.h; sourceTree = "<group>"; };
		984426CB05F9430700551005 /* HKKeyMap.h */ = {isa = PBXFileReference; fileEncoding = 4; lastKnownFileType = sourcecode.c.h; lineEnding = 0; path = HKKeyMap.h; sourceTree = "<group>"; };
		984426CC05F9430700551005 /* HKTrapWindow.h */ = {isa = PBXFileReference; fileEncoding = 4; lastKnownFileType = sourcecode.c.h; lineEnding = 0; path = HKTrapWindow.h; sourceTree = "<group>"; };
		984426CD05F9430700551005 /* HotKeyToolKit.h */ = {isa = PBXFileReference; fileEncoding = 4; lastKnownFileType = sourcecode.c.h; lineEnding = 0; path = HotKeyToolKit.h; sourceTree = "<group>"; };
		984426D805F943A100551005 /* HKKeyMap.m */ = {isa = PBXFileReference; fileEncoding = 4; lastKnownFileType = sourcecode.c.objc; lineEnding = 0; path = HKKeyMap.m; sourceTree = "<group>"; };
		984426D905F943A100551005 /* HKHotKey.m */ = {isa = PBXFileReference; fileEncoding = 4; lastKnownFileType = sourcecode.c.objc; lineEnding = 0; path = HKHotKey.m; sourceTree = "<group>"; };
		984426DA05F943A100551005 /* HKHotKeyManager.mm */ = {isa = PBXFileReference; fileEncoding = 4; lastKnownFileType = sourcecode.cpp.objcpp; lineEnding = 0; path = HKHotKeyManager.mm; sourceTree = "<group>"; };
		984426DC05F943A100551005 /* HKTrapWindow.m */ = {isa = PBXFileReference; fileEncoding = 4; lastKnownFileType = sourcecode.c.objc; lineEnding = 0; path = HKTrapWindow.m; sourceTree = "<group>"; };
		985B62EB0719E1750073D36F /* HKHotKeyTestCase.h */ = {isa = PBXFileReference; fileEncoding = 4; lastKnownFileType = sourcecode.c.h; path = HKHotKeyTestCase.h; sourceTree = "<group>"; };
		985B62EC0719E1750073D36F /* HKHotKeyTestCase.m */ = {isa = PBXFileReference; fileEncoding = 4; lastKnownFileType = sourcecode.c.objc; path = HKHotKeyTestCase.m; sourceTree = "<group>"; };
		985B6D170719ED7E0073D36F /* Info.plist */ = {isa = PBXFileReference; fileEncoding = 4; lastKnownFileType = text.plist.xml; path = Info.plist; sourceTree = "<group>"; };
		985B6D190719EDCC0073D36F /* HKKeyMapTestCase.h */ = {isa = PBXFileReference; fileEncoding = 4; lastKnownFileType = sourcecode.c.h; path = HKKeyMapTestCase.h; sourceTree = "<group>"; };
		985B6D1A0719EDCC0073D36F /* HKKeyMapTestCase.m */ = {isa = PBXFileReference; fileEncoding = 4; lastKnownFileType = sourcecode.c.objc; path = HKKeyMapTestCase.m; sourceTree = "<group>"; };
		9864CB72060D11DD00228F30 /* Info.plist */ = {isa = PBXFileReference; fileEncoding = 4; lastKnownFileType = text.plist.xml; path = Info.plist; sourceTree = "<group>"; };
		98B703D00A86146400DB692D /* HKBase.h */ = {isa = PBXFileReference; fileEncoding = 4; lastKnownFileType = sourcecode.c.h; lineEnding = 0; path = HKBase.h; sourceTree = "<group>"; };
		98DD082E0A8A8F1D0082AF03 /* English */ = {isa = PBXFileReference; fileEncoding = 4; lastKnownFileType = text.plist.strings; name = English; path = en.lproj/Keyboard.strings; sourceTree = "<group>"; };
		98DD3FE20A57C2A200F059E5 /* ModifierMap.m */ = {isa = PBXFileReference; fileEncoding = 4; lastKnownFileType = sourcecode.c.objc; lineEnding = 0; path = ModifierMap.m; sourceTree = "<group>"; };
		98DD42450A57C9BC00F059E5 /* HKEvent.m */ = {isa = PBXFileReference; fileEncoding = 4; lastKnownFileType = sourcecode.c.objc; lineEnding = 0; path = HKEvent.m; sourceTree = "<group>"; };
		98DD42490A57C9C800F059E5 /* HKEvent.h */ = {isa = PBXFileReference; fileEncoding = 4; lastKnownFileType = sourcecode.c.h; lineEnding = 0; path = HKEvent.h; sourceTree = "<group>"; };
/* End PBXFileReference section */

/* Begin PBXFrameworksBuildPhase section */
		1BC0940416794BF3005FEE87 /* Frameworks */ = {
			isa = PBXFrameworksBuildPhase;
			buildActionMask = 2147483647;
			files = (
				1BC0941E16794C5E005FEE87 /* Cocoa.framework in Frameworks */,
				1BF56A5C17C1556900037638 /* XCTest.framework in Frameworks */,
				1BC0942116794D05005FEE87 /* HotKeyToolKit.framework in Frameworks */,
			);
			runOnlyForDeploymentPostprocessing = 0;
		};
		8DC2EF560486A6940098B216 /* Frameworks */ = {
			isa = PBXFrameworksBuildPhase;
			buildActionMask = 2147483647;
			files = (
				1B35ED2013C0B78200A8AEA6 /* IOKit.framework in Frameworks */,
				1B35ED1C13C0B77300A8AEA6 /* Cocoa.framework in Frameworks */,
				1B35ED1E13C0B77D00A8AEA6 /* Carbon.framework in Frameworks */,
			);
			runOnlyForDeploymentPostprocessing = 0;
		};
/* End PBXFrameworksBuildPhase section */

/* Begin PBXGroup section */
		034768DFFF38A50411DB9C8B /* Products */ = {
			isa = PBXGroup;
			children = (
				8DC2EF5B0486A6940098B216 /* HotKeyToolKit.framework */,
				1BC0940816794BF3005FEE87 /* HKTKTests.xctest */,
			);
			name = Products;
			sourceTree = "<group>";
		};
		0867D691FE84028FC02AAC07 /* HotKeyToolKit */ = {
			isa = PBXGroup;
			children = (
				08FB77AEFE84172EC02AAC07 /* Sources */,
				089C1665FE841158C02AAC07 /* Resources */,
				985B62AF0719E0570073D36F /* Tests */,
				0867D69AFE84028FC02AAC07 /* Frameworks */,
				034768DFFF38A50411DB9C8B /* Products */,
				1BF93D1616792E4F00C78BB3 /* xcconfigs */,
			);
			name = HotKeyToolKit;
			sourceTree = "<group>";
		};
		0867D69AFE84028FC02AAC07 /* Frameworks */ = {
			isa = PBXGroup;
			children = (
				1BF56A5B17C1556900037638 /* XCTest.framework */,
				1B35ED1F13C0B78200A8AEA6 /* IOKit.framework */,
				1B35ED1B13C0B77300A8AEA6 /* Cocoa.framework */,
				1B35ED1D13C0B77D00A8AEA6 /* Carbon.framework */,
			);
			name = Frameworks;
			sourceTree = "<group>";
		};
		089C1665FE841158C02AAC07 /* Resources */ = {
			isa = PBXGroup;
			children = (
				9864CB72060D11DD00228F30 /* Info.plist */,
				089C1666FE841158C02AAC07 /* InfoPlist.strings */,
				98DD082D0A8A8F1D0082AF03 /* Keyboard.strings */,
			);
			name = Resources;
			sourceTree = "<group>";
		};
		08FB77AEFE84172EC02AAC07 /* Sources */ = {
			isa = PBXGroup;
			children = (
				984426CD05F9430700551005 /* HotKeyToolKit.h */,
				98B703D00A86146400DB692D /* HKBase.h */,
				1BF93D2716792F9E00C78BB3 /* HKDefine.h */,
				1BF93D2816792F9E00C78BB3 /* HKFramework.h */,
				1BF93D2916792F9E00C78BB3 /* HKFramework.m */,
				98DD42490A57C9C800F059E5 /* HKEvent.h */,
				98DD42450A57C9BC00F059E5 /* HKEvent.m */,
				984426C705F9430700551005 /* HKHotKey.h */,
				984426D905F943A100551005 /* HKHotKey.m */,
				984426CB05F9430700551005 /* HKKeyMap.h */,
				984426D805F943A100551005 /* HKKeyMap.m */,
				984426CC05F9430700551005 /* HKTrapWindow.h */,
				984426DC05F943A100551005 /* HKTrapWindow.m */,
				984426C905F9430700551005 /* HKHotKeyManager.h */,
				984426DA05F943A100551005 /* HKHotKeyManager.mm */,
				984426E305F943A800551005 /* Private */,
			);
			path = Sources;
			sourceTree = "<group>";
		};
		1BF93D1616792E4F00C78BB3 /* xcconfigs */ = {
			isa = PBXGroup;
			children = (
				1BF93D1716792E4F00C78BB3 /* debug.xcconfig */,
				1BF93D1816792E4F00C78BB3 /* project.xcconfig */,
				1BF93D1916792E4F00C78BB3 /* release.xcconfig */,
				1BF93D1A16792E4F00C78BB3 /* target */,
			);
			name = xcconfigs;
			path = ../xcconfigs;
			sourceTree = "<group>";
		};
		1BF93D1A16792E4F00C78BB3 /* target */ = {
			isa = PBXGroup;
			children = (
				1BF93D1B16792E4F00C78BB3 /* application.xcconfig */,
				1BF93D1C16792E4F00C78BB3 /* archive.xcconfig */,
				1BF93D1D16792E4F00C78BB3 /* bundle.xcconfig */,
				1BF93D1E16792E4F00C78BB3 /* dylib.xcconfig */,
				1BF93D1F16792E4F00C78BB3 /* executable.xcconfig */,
			);
			path = target;
			sourceTree = "<group>";
		};
		984426E305F943A800551005 /* Private */ = {
			isa = PBXGroup;
			children = (
				98DD3FE20A57C2A200F059E5 /* ModifierMap.m */,
				982B010A05FE954600E8776D /* HKKeymapInternal.h */,
				982B010B05FE954600E8776D /* HKKeymapInternal.m */,
			);
			name = Private;
			sourceTree = "<group>";
		};
		985B62AF0719E0570073D36F /* Tests */ = {
			isa = PBXGroup;
			children = (
				985B6D170719ED7E0073D36F /* Info.plist */,
				985B6D190719EDCC0073D36F /* HKKeyMapTestCase.h */,
				985B6D1A0719EDCC0073D36F /* HKKeyMapTestCase.m */,
				985B62EB0719E1750073D36F /* HKHotKeyTestCase.h */,
				985B62EC0719E1750073D36F /* HKHotKeyTestCase.m */,
			);
			path = Tests;
			sourceTree = "<group>";
		};
/* End PBXGroup section */

/* Begin PBXHeadersBuildPhase section */
		8DC2EF500486A6940098B216 /* Headers */ = {
			isa = PBXHeadersBuildPhase;
			buildActionMask = 2147483647;
			files = (
				984426CF05F9430700551005 /* HKHotKey.h in Headers */,
				984426D305F9430700551005 /* HKKeyMap.h in Headers */,
				984426D405F9430700551005 /* HKTrapWindow.h in Headers */,
				984426D505F9430700551005 /* HotKeyToolKit.h in Headers */,
				1BF93D2A16792F9E00C78BB3 /* HKDefine.h in Headers */,
				982B010C05FE954600E8776D /* HKKeymapInternal.h in Headers */,
				1BF93D2B16792F9E00C78BB3 /* HKFramework.h in Headers */,
				98DD424A0A57C9C800F059E5 /* HKEvent.h in Headers */,
				98B703D10A86146400DB692D /* HKBase.h in Headers */,
				984426D105F9430700551005 /* HKHotKeyManager.h in Headers */,
			);
			runOnlyForDeploymentPostprocessing = 0;
		};
/* End PBXHeadersBuildPhase section */

/* Begin PBXNativeTarget section */
		1BC0940716794BF3005FEE87 /* HKTKTests */ = {
			isa = PBXNativeTarget;
			buildConfigurationList = 1BC0941B16794BF3005FEE87 /* Build configuration list for PBXNativeTarget "HKTKTests" */;
			buildPhases = (
				1BC0940316794BF3005FEE87 /* Sources */,
				1BC0940416794BF3005FEE87 /* Frameworks */,
				1BC0940516794BF3005FEE87 /* Resources */,
			);
			buildRules = (
			);
			dependencies = (
				1BC0942316794D0D005FEE87 /* PBXTargetDependency */,
			);
			name = HKTKTests;
			productName = HKTKTests;
			productReference = 1BC0940816794BF3005FEE87 /* HKTKTests.xctest */;
			productType = "com.apple.product-type.bundle.unit-test";
		};
		8DC2EF4F0486A6940098B216 /* HotKeyToolKit */ = {
			isa = PBXNativeTarget;
			buildConfigurationList = 98EF7D5408645328007BC81A /* Build configuration list for PBXNativeTarget "HotKeyToolKit" */;
			buildPhases = (
				8DC2EF500486A6940098B216 /* Headers */,
				8DC2EF520486A6940098B216 /* Resources */,
				8DC2EF540486A6940098B216 /* Sources */,
				8DC2EF560486A6940098B216 /* Frameworks */,
				8DC2EF580486A6940098B216 /* Rez */,
			);
			buildRules = (
			);
			dependencies = (
			);
			name = HotKeyToolKit;
			productInstallPath = "$(HOME)/Library/Frameworks";
			productName = HotKeyToolKit;
			productReference = 8DC2EF5B0486A6940098B216 /* HotKeyToolKit.framework */;
			productType = "com.apple.product-type.framework";
		};
/* End PBXNativeTarget section */

/* Begin PBXProject section */
		0867D690FE84028FC02AAC07 /* Project object */ = {
			isa = PBXProject;
			attributes = {
				LastUpgradeCheck = 0410;
				TargetAttributes = {
					1BC0940716794BF3005FEE87 = {
						TestTargetID = 8DC2EF4F0486A6940098B216;
					};
				};
			};
			buildConfigurationList = 98EF7D5C08645328007BC81A /* Build configuration list for PBXProject "HotKeyToolKit" */;
			compatibilityVersion = "Xcode 3.2";
			developmentRegion = en;
			hasScannedForEncodings = 1;
			knownRegions = (
				en,
				fr,
			);
			mainGroup = 0867D691FE84028FC02AAC07 /* HotKeyToolKit */;
			productRefGroup = 034768DFFF38A50411DB9C8B /* Products */;
			projectDirPath = "";
			projectRoot = "";
			targets = (
				8DC2EF4F0486A6940098B216 /* HotKeyToolKit */,
				1BC0940716794BF3005FEE87 /* HKTKTests */,
			);
		};
/* End PBXProject section */

/* Begin PBXResourcesBuildPhase section */
		1BC0940516794BF3005FEE87 /* Resources */ = {
			isa = PBXResourcesBuildPhase;
			buildActionMask = 2147483647;
			files = (
			);
			runOnlyForDeploymentPostprocessing = 0;
		};
		8DC2EF520486A6940098B216 /* Resources */ = {
			isa = PBXResourcesBuildPhase;
			buildActionMask = 2147483647;
			files = (
				8DC2EF530486A6940098B216 /* InfoPlist.strings in Resources */,
				98DD082F0A8A8F1D0082AF03 /* Keyboard.strings in Resources */,
			);
			runOnlyForDeploymentPostprocessing = 0;
		};
/* End PBXResourcesBuildPhase section */

/* Begin PBXRezBuildPhase section */
		8DC2EF580486A6940098B216 /* Rez */ = {
			isa = PBXRezBuildPhase;
			buildActionMask = 2147483647;
			files = (
			);
			runOnlyForDeploymentPostprocessing = 0;
		};
/* End PBXRezBuildPhase section */

/* Begin PBXSourcesBuildPhase section */
		1BC0940316794BF3005FEE87 /* Sources */ = {
			isa = PBXSourcesBuildPhase;
			buildActionMask = 2147483647;
			files = (
				1BC0941F16794C7E005FEE87 /* HKKeyMapTestCase.m in Sources */,
				1BC0942016794C7E005FEE87 /* HKHotKeyTestCase.m in Sources */,
			);
			runOnlyForDeploymentPostprocessing = 0;
		};
		8DC2EF540486A6940098B216 /* Sources */ = {
			isa = PBXSourcesBuildPhase;
			buildActionMask = 2147483647;
			files = (
				984426DD05F943A100551005 /* HKKeyMap.m in Sources */,
				984426DE05F943A100551005 /* HKHotKey.m in Sources */,
				984426DF05F943A100551005 /* HKHotKeyManager.mm in Sources */,
				984426E105F943A100551005 /* HKTrapWindow.m in Sources */,
				98DD42460A57C9BC00F059E5 /* HKEvent.m in Sources */,
				98DD3FE30A57C2A200F059E5 /* ModifierMap.m in Sources */,
				982B010D05FE954600E8776D /* HKKeymapInternal.m in Sources */,
				1BF93D2C16792F9E00C78BB3 /* HKFramework.m in Sources */,
			);
			runOnlyForDeploymentPostprocessing = 0;
		};
/* End PBXSourcesBuildPhase section */

/* Begin PBXTargetDependency section */
		1BC0942316794D0D005FEE87 /* PBXTargetDependency */ = {
			isa = PBXTargetDependency;
			target = 8DC2EF4F0486A6940098B216 /* HotKeyToolKit */;
			targetProxy = 1BC0942216794D0D005FEE87 /* PBXContainerItemProxy */;
		};
/* End PBXTargetDependency section */

/* Begin PBXVariantGroup section */
		089C1666FE841158C02AAC07 /* InfoPlist.strings */ = {
			isa = PBXVariantGroup;
			children = (
				089C1667FE841158C02AAC07 /* English */,
				1B0946F50D68BC6400E8FE8D /* French */,
			);
			name = InfoPlist.strings;
			sourceTree = "<group>";
		};
		98DD082D0A8A8F1D0082AF03 /* Keyboard.strings */ = {
			isa = PBXVariantGroup;
			children = (
				98DD082E0A8A8F1D0082AF03 /* English */,
				1B0946F70D68BC7000E8FE8D /* French */,
			);
			name = Keyboard.strings;
			sourceTree = "<group>";
		};
/* End PBXVariantGroup section */

/* Begin XCBuildConfiguration section */
		1BC0941C16794BF3005FEE87 /* Debug */ = {
			isa = XCBuildConfiguration;
			buildSettings = {
				INFOPLIST_FILE = Tests/Info.plist;
				PRODUCT_NAME = "$(TARGET_NAME)";
				WRAPPER_EXTENSION = xctest;
			};
			name = Debug;
		};
		1BC0941D16794BF3005FEE87 /* Release */ = {
			isa = XCBuildConfiguration;
			buildSettings = {
				INFOPLIST_FILE = Tests/Info.plist;
				PRODUCT_NAME = "$(TARGET_NAME)";
				WRAPPER_EXTENSION = xctest;
			};
			name = Release;
		};
		98EF7D5508645328007BC81A /* Debug */ = {
			isa = XCBuildConfiguration;
			baseConfigurationReference = 1BF93D1E16792E4F00C78BB3 /* dylib.xcconfig */;
			buildSettings = {
				CURRENT_PROJECT_VERSION = 460;
				DYLIB_COMPATIBILITY_VERSION = 2;
				DYLIB_CURRENT_VERSION = 460;
				FRAMEWORK_VERSION = A;
				INFOPLIST_FILE = Info.plist;
				INSTALL_PATH = "@rpath";
				PRODUCT_NAME = HotKeyToolKit;
			};
			name = Debug;
		};
		98EF7D5D08645328007BC81A /* Debug */ = {
			isa = XCBuildConfiguration;
			baseConfigurationReference = 1BF93D1716792E4F00C78BB3 /* debug.xcconfig */;
			buildSettings = {
			};
			name = Debug;
		};
		98EFD03D0B58448D00AD4492 /* Release */ = {
			isa = XCBuildConfiguration;
			baseConfigurationReference = 1BF93D1E16792E4F00C78BB3 /* dylib.xcconfig */;
			buildSettings = {
				CURRENT_PROJECT_VERSION = 460;
				DYLIB_COMPATIBILITY_VERSION = 2;
				DYLIB_CURRENT_VERSION = 460;
				FRAMEWORK_VERSION = A;
				INFOPLIST_FILE = Info.plist;
				INSTALL_PATH = "@rpath";
				PRODUCT_NAME = HotKeyToolKit;
			};
			name = Release;
		};
		98EFD0410B58448D00AD4492 /* Release */ = {
			isa = XCBuildConfiguration;
			baseConfigurationReference = 1BF93D1916792E4F00C78BB3 /* release.xcconfig */;
			buildSettings = {
			};
			name = Release;
		};
/* End XCBuildConfiguration section */

/* Begin XCConfigurationList section */
		1BC0941B16794BF3005FEE87 /* Build configuration list for PBXNativeTarget "HKTKTests" */ = {
			isa = XCConfigurationList;
			buildConfigurations = (
				1BC0941C16794BF3005FEE87 /* Debug */,
				1BC0941D16794BF3005FEE87 /* Release */,
			);
			defaultConfigurationIsVisible = 0;
			defaultConfigurationName = Debug;
		};
		98EF7D5408645328007BC81A /* Build configuration list for PBXNativeTarget "HotKeyToolKit" */ = {
			isa = XCConfigurationList;
			buildConfigurations = (
				98EF7D5508645328007BC81A /* Debug */,
				98EFD03D0B58448D00AD4492 /* Release */,
			);
			defaultConfigurationIsVisible = 0;
			defaultConfigurationName = Debug;
		};
		98EF7D5C08645328007BC81A /* Build configuration list for PBXProject "HotKeyToolKit" */ = {
			isa = XCConfigurationList;
			buildConfigurations = (
				98EF7D5D08645328007BC81A /* Debug */,
				98EFD0410B58448D00AD4492 /* Release */,
			);
			defaultConfigurationIsVisible = 0;
			defaultConfigurationName = Debug;
		};
/* End XCConfigurationList section */
	};
	rootObject = 0867D690FE84028FC02AAC07 /* Project object */;
}
